# This file is automatically @generated by Poetry 1.8.2 and should not be changed by hand.

[[package]]
name = "everything-tkinter"
version = "0.2"
description = "Everything-Tkinter gives you everything you need for tkinter. Made by the creator of Pip-for-CMD."
optional = false
python-versions = ">=3"
files = [
    {file = "Everything-Tkinter-0.2.tar.gz", hash = "sha256:eccad39c3c30f2e4c87b678214c1cc17e255ddda8dc67bc984f5c047cd352556"},
    {file = "Everything_Tkinter-0.2-py3-none-any.whl", hash = "sha256:0121c4ad8a318d9f075af6dbe6306f0b940d8a24622e032ceeb32a9e818fe6bc"},
]

[[package]]
name = "sv-ttk"
version = "2.6.0"
description = "A gorgeous theme for Tkinter, based on Windows 11's UI"
optional = false
python-versions = ">=3.8"
files = [
    {file = "sv_ttk-2.6.0-py3-none-any.whl", hash = "sha256:4319c52edf2e14732fe84bdc9788e26f9e9a1ad79451ec0f89f0120ffc8105d9"},
    {file = "sv_ttk-2.6.0.tar.gz", hash = "sha256:3fd440396c95e30e88f686fcf28be425480f7320d6bf346f9cea5d6f56702cc2"},
]

[metadata]
lock-version = "2.0"
python-versions = "^3.11"
content-hash = "6a775c08c18210833049be93655d2ad23b2d47b99554da190f6678cc6fc331c5"
